// !$*UTF8*$!
{
	archiveVersion = 1;
	classes = {
	};
	objectVersion = 46;
	objects = {

/* Begin PBXBuildFile section */
		0277066E8DF5A19754CE3F0B /* libPods-Voice Journal.a in Frameworks */ = {isa = PBXBuildFile; fileRef = FD4110E28D6E9B1058C4BE53 /* libPods-Voice Journal.a */; };
		877FC4831D81943800941371 /* Assets.xcassets in Resources */ = {isa = PBXBuildFile; fileRef = 877FC4821D81943800941371 /* Assets.xcassets */; };
		D8002E491CD3326300A1819D /* SecondTagsViewController.m in Sources */ = {isa = PBXBuildFile; fileRef = D8002E481CD3326300A1819D /* SecondTagsViewController.m */; };
		D80D51D91CCBB336008E17BB /* StarViewController.m in Sources */ = {isa = PBXBuildFile; fileRef = D80D51D81CCBB336008E17BB /* StarViewController.m */; };
		D83173E41CCBC7BE0014A844 /* Star.xib in Resources */ = {isa = PBXBuildFile; fileRef = D83173E31CCBC7BE0014A844 /* Star.xib */; };
		D83173F11CCC8C610014A844 /* PassCodeViewController.m in Sources */ = {isa = PBXBuildFile; fileRef = D83173F01CCC8C610014A844 /* PassCodeViewController.m */; };
		D83173F61CCC92880014A844 /* NewPassCodeViewController.m in Sources */ = {isa = PBXBuildFile; fileRef = D83173F51CCC92880014A844 /* NewPassCodeViewController.m */; };
		D83173F91CCC9D7A0014A844 /* ConfirmViewController.m in Sources */ = {isa = PBXBuildFile; fileRef = D83173F81CCC9D7A0014A844 /* ConfirmViewController.m */; };
		D83173FC1CCCA2E00014A844 /* OldPasscodeViewController.m in Sources */ = {isa = PBXBuildFile; fileRef = D83173FB1CCCA2E00014A844 /* OldPasscodeViewController.m */; };
		D83174001CCCB1FA0014A844 /* LocalAuthentication.framework in Frameworks */ = {isa = PBXBuildFile; fileRef = D83173FF1CCCB1FA0014A844 /* LocalAuthentication.framework */; };
		D83DEF6B1CB3D6B400661A48 /* Record.m in Sources */ = {isa = PBXBuildFile; fileRef = D83DEF6A1CB3D6B400661A48 /* Record.m */; };
		D83F08C11D8070CF0000E0E7 /* ImgUtil.m in Sources */ = {isa = PBXBuildFile; fileRef = D83F08C01D8070CF0000E0E7 /* ImgUtil.m */; };
		D84EC8C01CB37C57001E1813 /* RecordViewController.m in Sources */ = {isa = PBXBuildFile; fileRef = D84EC8BF1CB37C57001E1813 /* RecordViewController.m */; };
		D84EC9651CB3D212001E1813 /* AVFoundation.framework in Frameworks */ = {isa = PBXBuildFile; fileRef = D84EC9641CB3D212001E1813 /* AVFoundation.framework */; };
		D8575AE31CD05F86002DE1C7 /* PhotosViewController.m in Sources */ = {isa = PBXBuildFile; fileRef = D8575AE21CD05F86002DE1C7 /* PhotosViewController.m */; };
		D8575AE91CD06028002DE1C7 /* MyCollectionViewCell.m in Sources */ = {isa = PBXBuildFile; fileRef = D8575AE81CD06028002DE1C7 /* MyCollectionViewCell.m */; };
		D85CA8841CBCF8DF00B5525F /* SettingViewController.m in Sources */ = {isa = PBXBuildFile; fileRef = D85CA8831CBCF8DF00B5525F /* SettingViewController.m */; };
		D8693A8A1CCA3F8100A9390B /* DiaryViewController.m in Sources */ = {isa = PBXBuildFile; fileRef = D8693A891CCA3F8100A9390B /* DiaryViewController.m */; };
		D88C656F1CD234FD00F159F0 /* TagsViewController.m in Sources */ = {isa = PBXBuildFile; fileRef = D88C656E1CD234FD00F159F0 /* TagsViewController.m */; };
		D8A6AB601CC876DF00F5516B /* TextView.xib in Resources */ = {isa = PBXBuildFile; fileRef = D8A6AB5F1CC876DF00F5516B /* TextView.xib */; };
		D8A6AB681CC8CD4F00F5516B /* TextTableViewCell.m in Sources */ = {isa = PBXBuildFile; fileRef = D8A6AB671CC8CD4F00F5516B /* TextTableViewCell.m */; };
		D8D7F9491CA924870035F794 /* CoreLocation.framework in Frameworks */ = {isa = PBXBuildFile; fileRef = D8D7F9481CA924870035F794 /* CoreLocation.framework */; settings = {ATTRIBUTES = (Required, ); }; };
		D8D9EAE21CC3BBBB000A19A0 /* EditViewController.m in Sources */ = {isa = PBXBuildFile; fileRef = D8D9EAE11CC3BBBB000A19A0 /* EditViewController.m */; };
		D8DA6B5F1C9FC9B100ACEE70 /* Memory.m in Sources */ = {isa = PBXBuildFile; fileRef = D8DA6B5E1C9FC9B000ACEE70 /* Memory.m */; };
		D8F11D1A1CC3AEFA00B95B16 /* TimeLineViewController.m in Sources */ = {isa = PBXBuildFile; fileRef = D8F11D191CC3AEFA00B95B16 /* TimeLineViewController.m */; };
		D8FE8C6A1C9AB9DE000A7530 /* main.m in Sources */ = {isa = PBXBuildFile; fileRef = D8FE8C691C9AB9DE000A7530 /* main.m */; };
		D8FE8C6D1C9AB9DE000A7530 /* AppDelegate.m in Sources */ = {isa = PBXBuildFile; fileRef = D8FE8C6C1C9AB9DE000A7530 /* AppDelegate.m */; };
		D8FE8C701C9AB9DE000A7530 /* MainViewController.m in Sources */ = {isa = PBXBuildFile; fileRef = D8FE8C6F1C9AB9DE000A7530 /* MainViewController.m */; };
		D8FE8C731C9AB9DE000A7530 /* Main.storyboard in Resources */ = {isa = PBXBuildFile; fileRef = D8FE8C711C9AB9DE000A7530 /* Main.storyboard */; };
		D8FE8C7B1C9AB9DE000A7530 /* LaunchScreen.storyboard in Resources */ = {isa = PBXBuildFile; fileRef = D8FE8C791C9AB9DE000A7530 /* LaunchScreen.storyboard */; };
		D8FE8C861C9AB9DE000A7530 /* Voice_JournalTests.m in Sources */ = {isa = PBXBuildFile; fileRef = D8FE8C851C9AB9DE000A7530 /* Voice_JournalTests.m */; };
		D8FE8C911C9AB9DE000A7530 /* Voice_JournalUITests.m in Sources */ = {isa = PBXBuildFile; fileRef = D8FE8C901C9AB9DE000A7530 /* Voice_JournalUITests.m */; };
/* End PBXBuildFile section */

/* Begin PBXContainerItemProxy section */
		D8FE8C821C9AB9DE000A7530 /* PBXContainerItemProxy */ = {
			isa = PBXContainerItemProxy;
			containerPortal = D8FE8C5D1C9AB9DE000A7530 /* Project object */;
			proxyType = 1;
			remoteGlobalIDString = D8FE8C641C9AB9DE000A7530;
			remoteInfo = "Voice Journal";
		};
		D8FE8C8D1C9AB9DE000A7530 /* PBXContainerItemProxy */ = {
			isa = PBXContainerItemProxy;
			containerPortal = D8FE8C5D1C9AB9DE000A7530 /* Project object */;
			proxyType = 1;
			remoteGlobalIDString = D8FE8C641C9AB9DE000A7530;
			remoteInfo = "Voice Journal";
		};
/* End PBXContainerItemProxy section */

/* Begin PBXFileReference section */
		41175B92B728E596ACDA02B2 /* Pods-Voice Journal.release.xcconfig */ = {isa = PBXFileReference; includeInIndex = 1; lastKnownFileType = text.xcconfig; name = "Pods-Voice Journal.release.xcconfig"; path = "Pods/Target Support Files/Pods-Voice Journal/Pods-Voice Journal.release.xcconfig"; sourceTree = "<group>"; };
		877FC4821D81943800941371 /* Assets.xcassets */ = {isa = PBXFileReference; lastKnownFileType = folder.assetcatalog; path = Assets.xcassets; sourceTree = "<group>"; };
		D8002E471CD3326300A1819D /* SecondTagsViewController.h */ = {isa = PBXFileReference; fileEncoding = 4; lastKnownFileType = sourcecode.c.h; path = SecondTagsViewController.h; sourceTree = "<group>"; };
		D8002E481CD3326300A1819D /* SecondTagsViewController.m */ = {isa = PBXFileReference; fileEncoding = 4; lastKnownFileType = sourcecode.c.objc; path = SecondTagsViewController.m; sourceTree = "<group>"; };
		D80D51D71CCBB336008E17BB /* StarViewController.h */ = {isa = PBXFileReference; fileEncoding = 4; lastKnownFileType = sourcecode.c.h; path = StarViewController.h; sourceTree = "<group>"; };
		D80D51D81CCBB336008E17BB /* StarViewController.m */ = {isa = PBXFileReference; fileEncoding = 4; lastKnownFileType = sourcecode.c.objc; path = StarViewController.m; sourceTree = "<group>"; };
		D83173E31CCBC7BE0014A844 /* Star.xib */ = {isa = PBXFileReference; fileEncoding = 4; lastKnownFileType = file.xib; path = Star.xib; sourceTree = "<group>"; };
		D83173EF1CCC8C610014A844 /* PassCodeViewController.h */ = {isa = PBXFileReference; fileEncoding = 4; lastKnownFileType = sourcecode.c.h; path = PassCodeViewController.h; sourceTree = "<group>"; };
		D83173F01CCC8C610014A844 /* PassCodeViewController.m */ = {isa = PBXFileReference; fileEncoding = 4; lastKnownFileType = sourcecode.c.objc; path = PassCodeViewController.m; sourceTree = "<group>"; };
		D83173F41CCC92880014A844 /* NewPassCodeViewController.h */ = {isa = PBXFileReference; fileEncoding = 4; lastKnownFileType = sourcecode.c.h; path = NewPassCodeViewController.h; sourceTree = "<group>"; };
		D83173F51CCC92880014A844 /* NewPassCodeViewController.m */ = {isa = PBXFileReference; fileEncoding = 4; lastKnownFileType = sourcecode.c.objc; path = NewPassCodeViewController.m; sourceTree = "<group>"; };
		D83173F71CCC9D7A0014A844 /* ConfirmViewController.h */ = {isa = PBXFileReference; fileEncoding = 4; lastKnownFileType = sourcecode.c.h; path = ConfirmViewController.h; sourceTree = "<group>"; };
		D83173F81CCC9D7A0014A844 /* ConfirmViewController.m */ = {isa = PBXFileReference; fileEncoding = 4; lastKnownFileType = sourcecode.c.objc; path = ConfirmViewController.m; sourceTree = "<group>"; };
		D83173FA1CCCA2E00014A844 /* OldPasscodeViewController.h */ = {isa = PBXFileReference; fileEncoding = 4; lastKnownFileType = sourcecode.c.h; path = OldPasscodeViewController.h; sourceTree = "<group>"; };
		D83173FB1CCCA2E00014A844 /* OldPasscodeViewController.m */ = {isa = PBXFileReference; fileEncoding = 4; lastKnownFileType = sourcecode.c.objc; path = OldPasscodeViewController.m; sourceTree = "<group>"; };
		D83173FF1CCCB1FA0014A844 /* LocalAuthentication.framework */ = {isa = PBXFileReference; lastKnownFileType = wrapper.framework; name = LocalAuthentication.framework; path = System/Library/Frameworks/LocalAuthentication.framework; sourceTree = SDKROOT; };
		D83DEF691CB3D6B400661A48 /* Record.h */ = {isa = PBXFileReference; fileEncoding = 4; lastKnownFileType = sourcecode.c.h; path = Record.h; sourceTree = "<group>"; };
		D83DEF6A1CB3D6B400661A48 /* Record.m */ = {isa = PBXFileReference; fileEncoding = 4; lastKnownFileType = sourcecode.c.objc; path = Record.m; sourceTree = "<group>"; };
		D83F08BF1D8070CF0000E0E7 /* ImgUtil.h */ = {isa = PBXFileReference; fileEncoding = 4; lastKnownFileType = sourcecode.c.h; path = ImgUtil.h; sourceTree = "<group>"; };
		D83F08C01D8070CF0000E0E7 /* ImgUtil.m */ = {isa = PBXFileReference; fileEncoding = 4; lastKnownFileType = sourcecode.c.objc; path = ImgUtil.m; sourceTree = "<group>"; };
		D84EC8BE1CB37C57001E1813 /* RecordViewController.h */ = {isa = PBXFileReference; fileEncoding = 4; lastKnownFileType = sourcecode.c.h; path = RecordViewController.h; sourceTree = "<group>"; };
		D84EC8BF1CB37C57001E1813 /* RecordViewController.m */ = {isa = PBXFileReference; fileEncoding = 4; lastKnownFileType = sourcecode.c.objc; path = RecordViewController.m; sourceTree = "<group>"; };
		D84EC9641CB3D212001E1813 /* AVFoundation.framework */ = {isa = PBXFileReference; lastKnownFileType = wrapper.framework; name = AVFoundation.framework; path = System/Library/Frameworks/AVFoundation.framework; sourceTree = SDKROOT; };
		D8575AE11CD05F86002DE1C7 /* PhotosViewController.h */ = {isa = PBXFileReference; fileEncoding = 4; lastKnownFileType = sourcecode.c.h; path = PhotosViewController.h; sourceTree = "<group>"; };
		D8575AE21CD05F86002DE1C7 /* PhotosViewController.m */ = {isa = PBXFileReference; fileEncoding = 4; lastKnownFileType = sourcecode.c.objc; path = PhotosViewController.m; sourceTree = "<group>"; };
		D8575AE71CD06028002DE1C7 /* MyCollectionViewCell.h */ = {isa = PBXFileReference; fileEncoding = 4; lastKnownFileType = sourcecode.c.h; path = MyCollectionViewCell.h; sourceTree = "<group>"; };
		D8575AE81CD06028002DE1C7 /* MyCollectionViewCell.m */ = {isa = PBXFileReference; fileEncoding = 4; lastKnownFileType = sourcecode.c.objc; path = MyCollectionViewCell.m; sourceTree = "<group>"; };
		D85CA8821CBCF8DF00B5525F /* SettingViewController.h */ = {isa = PBXFileReference; fileEncoding = 4; lastKnownFileType = sourcecode.c.h; path = SettingViewController.h; sourceTree = "<group>"; };
		D85CA8831CBCF8DF00B5525F /* SettingViewController.m */ = {isa = PBXFileReference; fileEncoding = 4; lastKnownFileType = sourcecode.c.objc; path = SettingViewController.m; sourceTree = "<group>"; };
		D8693A881CCA3F8100A9390B /* DiaryViewController.h */ = {isa = PBXFileReference; fileEncoding = 4; lastKnownFileType = sourcecode.c.h; path = DiaryViewController.h; sourceTree = "<group>"; };
		D8693A891CCA3F8100A9390B /* DiaryViewController.m */ = {isa = PBXFileReference; fileEncoding = 4; lastKnownFileType = sourcecode.c.objc; path = DiaryViewController.m; sourceTree = "<group>"; };
		D88C656D1CD234FD00F159F0 /* TagsViewController.h */ = {isa = PBXFileReference; fileEncoding = 4; lastKnownFileType = sourcecode.c.h; path = TagsViewController.h; sourceTree = "<group>"; };
		D88C656E1CD234FD00F159F0 /* TagsViewController.m */ = {isa = PBXFileReference; fileEncoding = 4; lastKnownFileType = sourcecode.c.objc; path = TagsViewController.m; sourceTree = "<group>"; };
		D8A6AB5F1CC876DF00F5516B /* TextView.xib */ = {isa = PBXFileReference; fileEncoding = 4; lastKnownFileType = file.xib; path = TextView.xib; sourceTree = "<group>"; };
		D8A6AB661CC8CD4F00F5516B /* TextTableViewCell.h */ = {isa = PBXFileReference; fileEncoding = 4; lastKnownFileType = sourcecode.c.h; path = TextTableViewCell.h; sourceTree = "<group>"; };
		D8A6AB671CC8CD4F00F5516B /* TextTableViewCell.m */ = {isa = PBXFileReference; fileEncoding = 4; lastKnownFileType = sourcecode.c.objc; path = TextTableViewCell.m; sourceTree = "<group>"; };
		D8D7F9481CA924870035F794 /* CoreLocation.framework */ = {isa = PBXFileReference; lastKnownFileType = wrapper.framework; name = CoreLocation.framework; path = System/Library/Frameworks/CoreLocation.framework; sourceTree = SDKROOT; };
		D8D9EAE01CC3BBBB000A19A0 /* EditViewController.h */ = {isa = PBXFileReference; fileEncoding = 4; lastKnownFileType = sourcecode.c.h; path = EditViewController.h; sourceTree = "<group>"; };
		D8D9EAE11CC3BBBB000A19A0 /* EditViewController.m */ = {isa = PBXFileReference; fileEncoding = 4; lastKnownFileType = sourcecode.c.objc; path = EditViewController.m; sourceTree = "<group>"; };
		D8DA6B5D1C9FC9B000ACEE70 /* Memory.h */ = {isa = PBXFileReference; fileEncoding = 4; lastKnownFileType = sourcecode.c.h; path = Memory.h; sourceTree = "<group>"; };
		D8DA6B5E1C9FC9B000ACEE70 /* Memory.m */ = {isa = PBXFileReference; fileEncoding = 4; lastKnownFileType = sourcecode.c.objc; path = Memory.m; sourceTree = "<group>"; };
		D8EEE00F1CBB610A0083F48E /* zh-Hans */ = {isa = PBXFileReference; lastKnownFileType = text.plist.strings; name = "zh-Hans"; path = "zh-Hans.lproj/Main.strings"; sourceTree = "<group>"; };
		D8EEE0101CBB610A0083F48E /* zh-Hans */ = {isa = PBXFileReference; lastKnownFileType = text.plist.strings; name = "zh-Hans"; path = "zh-Hans.lproj/LaunchScreen.strings"; sourceTree = "<group>"; };
		D8F11D181CC3AEFA00B95B16 /* TimeLineViewController.h */ = {isa = PBXFileReference; fileEncoding = 4; lastKnownFileType = sourcecode.c.h; path = TimeLineViewController.h; sourceTree = "<group>"; };
		D8F11D191CC3AEFA00B95B16 /* TimeLineViewController.m */ = {isa = PBXFileReference; fileEncoding = 4; lastKnownFileType = sourcecode.c.objc; path = TimeLineViewController.m; sourceTree = "<group>"; };
		D8FE8C651C9AB9DE000A7530 /* Voice Journal.app */ = {isa = PBXFileReference; explicitFileType = wrapper.application; includeInIndex = 0; path = "Voice Journal.app"; sourceTree = BUILT_PRODUCTS_DIR; };
		D8FE8C691C9AB9DE000A7530 /* main.m */ = {isa = PBXFileReference; lastKnownFileType = sourcecode.c.objc; path = main.m; sourceTree = "<group>"; };
		D8FE8C6B1C9AB9DE000A7530 /* AppDelegate.h */ = {isa = PBXFileReference; lastKnownFileType = sourcecode.c.h; path = AppDelegate.h; sourceTree = "<group>"; };
		D8FE8C6C1C9AB9DE000A7530 /* AppDelegate.m */ = {isa = PBXFileReference; lastKnownFileType = sourcecode.c.objc; path = AppDelegate.m; sourceTree = "<group>"; };
		D8FE8C6E1C9AB9DE000A7530 /* MainViewController.h */ = {isa = PBXFileReference; lastKnownFileType = sourcecode.c.h; path = MainViewController.h; sourceTree = "<group>"; };
		D8FE8C6F1C9AB9DE000A7530 /* MainViewController.m */ = {isa = PBXFileReference; lastKnownFileType = sourcecode.c.objc; path = MainViewController.m; sourceTree = "<group>"; };
		D8FE8C721C9AB9DE000A7530 /* Base */ = {isa = PBXFileReference; lastKnownFileType = file.storyboard; name = Base; path = Base.lproj/Main.storyboard; sourceTree = "<group>"; };
		D8FE8C7A1C9AB9DE000A7530 /* Base */ = {isa = PBXFileReference; lastKnownFileType = file.storyboard; name = Base; path = Base.lproj/LaunchScreen.storyboard; sourceTree = "<group>"; };
		D8FE8C7C1C9AB9DE000A7530 /* Info.plist */ = {isa = PBXFileReference; lastKnownFileType = text.plist.xml; path = Info.plist; sourceTree = "<group>"; };
		D8FE8C811C9AB9DE000A7530 /* Voice JournalTests.xctest */ = {isa = PBXFileReference; explicitFileType = wrapper.cfbundle; includeInIndex = 0; path = "Voice JournalTests.xctest"; sourceTree = BUILT_PRODUCTS_DIR; };
		D8FE8C851C9AB9DE000A7530 /* Voice_JournalTests.m */ = {isa = PBXFileReference; lastKnownFileType = sourcecode.c.objc; path = Voice_JournalTests.m; sourceTree = "<group>"; };
		D8FE8C871C9AB9DE000A7530 /* Info.plist */ = {isa = PBXFileReference; lastKnownFileType = text.plist.xml; path = Info.plist; sourceTree = "<group>"; };
		D8FE8C8C1C9AB9DE000A7530 /* Voice JournalUITests.xctest */ = {isa = PBXFileReference; explicitFileType = wrapper.cfbundle; includeInIndex = 0; path = "Voice JournalUITests.xctest"; sourceTree = BUILT_PRODUCTS_DIR; };
		D8FE8C901C9AB9DE000A7530 /* Voice_JournalUITests.m */ = {isa = PBXFileReference; lastKnownFileType = sourcecode.c.objc; path = Voice_JournalUITests.m; sourceTree = "<group>"; };
		D8FE8C921C9AB9DE000A7530 /* Info.plist */ = {isa = PBXFileReference; lastKnownFileType = text.plist.xml; path = Info.plist; sourceTree = "<group>"; };
		DE9DD72808FA81878332EB9F /* Pods-Voice Journal.debug.xcconfig */ = {isa = PBXFileReference; includeInIndex = 1; lastKnownFileType = text.xcconfig; name = "Pods-Voice Journal.debug.xcconfig"; path = "Pods/Target Support Files/Pods-Voice Journal/Pods-Voice Journal.debug.xcconfig"; sourceTree = "<group>"; };
		FD4110E28D6E9B1058C4BE53 /* libPods-Voice Journal.a */ = {isa = PBXFileReference; explicitFileType = archive.ar; includeInIndex = 0; path = "libPods-Voice Journal.a"; sourceTree = BUILT_PRODUCTS_DIR; };
/* End PBXFileReference section */

/* Begin PBXFrameworksBuildPhase section */
		D8FE8C621C9AB9DE000A7530 /* Frameworks */ = {
			isa = PBXFrameworksBuildPhase;
			buildActionMask = 2147483647;
			files = (
				D83174001CCCB1FA0014A844 /* LocalAuthentication.framework in Frameworks */,
				D84EC9651CB3D212001E1813 /* AVFoundation.framework in Frameworks */,
				D8D7F9491CA924870035F794 /* CoreLocation.framework in Frameworks */,
				0277066E8DF5A19754CE3F0B /* libPods-Voice Journal.a in Frameworks */,
			);
			runOnlyForDeploymentPostprocessing = 0;
		};
		D8FE8C7E1C9AB9DE000A7530 /* Frameworks */ = {
			isa = PBXFrameworksBuildPhase;
			buildActionMask = 2147483647;
			files = (
			);
			runOnlyForDeploymentPostprocessing = 0;
		};
		D8FE8C891C9AB9DE000A7530 /* Frameworks */ = {
			isa = PBXFrameworksBuildPhase;
			buildActionMask = 2147483647;
			files = (
			);
			runOnlyForDeploymentPostprocessing = 0;
		};
/* End PBXFrameworksBuildPhase section */

/* Begin PBXGroup section */
		11DA0134B0518CEF2B081154 /* Pods */ = {
			isa = PBXGroup;
			children = (
				DE9DD72808FA81878332EB9F /* Pods-Voice Journal.debug.xcconfig */,
				41175B92B728E596ACDA02B2 /* Pods-Voice Journal.release.xcconfig */,
			);
			name = Pods;
			sourceTree = "<group>";
		};
		660898BC6F9BA580467BA40B /* Frameworks */ = {
			isa = PBXGroup;
			children = (
				FD4110E28D6E9B1058C4BE53 /* libPods-Voice Journal.a */,
			);
			name = Frameworks;
			sourceTree = "<group>";
		};
		877FC4791D8189A900941371 /* Beginning */ = {
			isa = PBXGroup;
			children = (
				D8FE8C6B1C9AB9DE000A7530 /* AppDelegate.h */,
				D8FE8C6C1C9AB9DE000A7530 /* AppDelegate.m */,
				D8FE8C6E1C9AB9DE000A7530 /* MainViewController.h */,
				D8FE8C6F1C9AB9DE000A7530 /* MainViewController.m */,
			);
			name = Beginning;
			sourceTree = "<group>";
		};
		877FC47A1D818A0100941371 /* Photo */ = {
			isa = PBXGroup;
			children = (
				D8575AE11CD05F86002DE1C7 /* PhotosViewController.h */,
				D8575AE21CD05F86002DE1C7 /* PhotosViewController.m */,
				D8575AE71CD06028002DE1C7 /* MyCollectionViewCell.h */,
				D8575AE81CD06028002DE1C7 /* MyCollectionViewCell.m */,
			);
			name = Photo;
			sourceTree = "<group>";
		};
		877FC47B1D818A0700941371 /* Edit */ = {
			isa = PBXGroup;
			children = (
				D8D9EAE01CC3BBBB000A19A0 /* EditViewController.h */,
				D8D9EAE11CC3BBBB000A19A0 /* EditViewController.m */,
			);
			name = Edit;
			sourceTree = "<group>";
		};
		877FC47C1D818A0D00941371 /* Timeline */ = {
			isa = PBXGroup;
			children = (
				D8A6AB5F1CC876DF00F5516B /* TextView.xib */,
				D8F11D181CC3AEFA00B95B16 /* TimeLineViewController.h */,
				D8F11D191CC3AEFA00B95B16 /* TimeLineViewController.m */,
			);
			name = Timeline;
			sourceTree = "<group>";
		};
		877FC47D1D818A1200941371 /* Record */ = {
			isa = PBXGroup;
			children = (
				D84EC8BE1CB37C57001E1813 /* RecordViewController.h */,
				D84EC8BF1CB37C57001E1813 /* RecordViewController.m */,
			);
			name = Record;
			sourceTree = "<group>";
		};
		877FC47E1D818A1700941371 /* Setting */ = {
			isa = PBXGroup;
			children = (
				D85CA8821CBCF8DF00B5525F /* SettingViewController.h */,
				D85CA8831CBCF8DF00B5525F /* SettingViewController.m */,
			);
			name = Setting;
			sourceTree = "<group>";
		};
		877FC47F1D818A2300941371 /* Diary */ = {
			isa = PBXGroup;
			children = (
				D8693A881CCA3F8100A9390B /* DiaryViewController.h */,
				D8693A891CCA3F8100A9390B /* DiaryViewController.m */,
			);
			name = Diary;
			sourceTree = "<group>";
		};
		877FC4801D818A2B00941371 /* Star */ = {
			isa = PBXGroup;
			children = (
				D83173E31CCBC7BE0014A844 /* Star.xib */,
				D80D51D71CCBB336008E17BB /* StarViewController.h */,
				D80D51D81CCBB336008E17BB /* StarViewController.m */,
			);
			name = Star;
			sourceTree = "<group>";
		};
		877FC4811D818A2F00941371 /* Tag */ = {
			isa = PBXGroup;
			children = (
				D8002E471CD3326300A1819D /* SecondTagsViewController.h */,
				D8002E481CD3326300A1819D /* SecondTagsViewController.m */,
				D88C656D1CD234FD00F159F0 /* TagsViewController.h */,
				D88C656E1CD234FD00F159F0 /* TagsViewController.m */,
			);
			name = Tag;
			sourceTree = "<group>";
		};
		D85B36B31CD0F196009916A0 /* Passcode */ = {
			isa = PBXGroup;
			children = (
				D83173EF1CCC8C610014A844 /* PassCodeViewController.h */,
				D83173F01CCC8C610014A844 /* PassCodeViewController.m */,
				D83173F41CCC92880014A844 /* NewPassCodeViewController.h */,
				D83173F51CCC92880014A844 /* NewPassCodeViewController.m */,
				D83173F71CCC9D7A0014A844 /* ConfirmViewController.h */,
				D83173F81CCC9D7A0014A844 /* ConfirmViewController.m */,
				D83173FA1CCCA2E00014A844 /* OldPasscodeViewController.h */,
				D83173FB1CCCA2E00014A844 /* OldPasscodeViewController.m */,
			);
			name = Passcode;
			sourceTree = "<group>";
		};
		D8A6AB651CC8CD3900F5516B /* TableViewCell */ = {
			isa = PBXGroup;
			children = (
				D8A6AB661CC8CD4F00F5516B /* TextTableViewCell.h */,
				D8A6AB671CC8CD4F00F5516B /* TextTableViewCell.m */,
			);
			name = TableViewCell;
			sourceTree = "<group>";
		};
		D8F11D141CC3AD6F00B95B16 /* Controller */ = {
			isa = PBXGroup;
			children = (
				D85B36B31CD0F196009916A0 /* Passcode */,
				877FC47A1D818A0100941371 /* Photo */,
				877FC47B1D818A0700941371 /* Edit */,
				877FC47C1D818A0D00941371 /* Timeline */,
				877FC47D1D818A1200941371 /* Record */,
				877FC47E1D818A1700941371 /* Setting */,
				877FC47F1D818A2300941371 /* Diary */,
				877FC4801D818A2B00941371 /* Star */,
				877FC4811D818A2F00941371 /* Tag */,
			);
			name = Controller;
			sourceTree = "<group>";
		};
		D8F11D171CC3ADB000B95B16 /* Model */ = {
			isa = PBXGroup;
			children = (
				D83DEF691CB3D6B400661A48 /* Record.h */,
				D83DEF6A1CB3D6B400661A48 /* Record.m */,
				D8DA6B5D1C9FC9B000ACEE70 /* Memory.h */,
				D8DA6B5E1C9FC9B000ACEE70 /* Memory.m */,
				D83F08BF1D8070CF0000E0E7 /* ImgUtil.h */,
				D83F08C01D8070CF0000E0E7 /* ImgUtil.m */,
			);
			name = Model;
			sourceTree = "<group>";
		};
		D8FE8C5C1C9AB9DE000A7530 = {
			isa = PBXGroup;
			children = (
				D8FE8C671C9AB9DE000A7530 /* Voice Journal */,
				D8FE8C841C9AB9DE000A7530 /* Voice JournalTests */,
				D8FE8C8F1C9AB9DE000A7530 /* Voice JournalUITests */,
				D8FE8C661C9AB9DE000A7530 /* Products */,
				11DA0134B0518CEF2B081154 /* Pods */,
				660898BC6F9BA580467BA40B /* Frameworks */,
			);
			sourceTree = "<group>";
		};
		D8FE8C661C9AB9DE000A7530 /* Products */ = {
			isa = PBXGroup;
			children = (
				D8FE8C651C9AB9DE000A7530 /* Voice Journal.app */,
				D8FE8C811C9AB9DE000A7530 /* Voice JournalTests.xctest */,
				D8FE8C8C1C9AB9DE000A7530 /* Voice JournalUITests.xctest */,
			);
			name = Products;
			sourceTree = "<group>";
		};
		D8FE8C671C9AB9DE000A7530 /* Voice Journal */ = {
			isa = PBXGroup;
			children = (
				D8FE8C711C9AB9DE000A7530 /* Main.storyboard */,
				877FC4791D8189A900941371 /* Beginning */,
				D8A6AB651CC8CD3900F5516B /* TableViewCell */,
				D8F11D171CC3ADB000B95B16 /* Model */,
				D8F11D141CC3AD6F00B95B16 /* Controller */,
				D8FE8C681C9AB9DE000A7530 /* Supporting Files */,
			);
			path = "Voice Journal";
			sourceTree = "<group>";
		};
		D8FE8C681C9AB9DE000A7530 /* Supporting Files */ = {
			isa = PBXGroup;
			children = (
				D8FE8C691C9AB9DE000A7530 /* main.m */,
				D8FE8C7C1C9AB9DE000A7530 /* Info.plist */,
				877FC4821D81943800941371 /* Assets.xcassets */,
				D8FE8C791C9AB9DE000A7530 /* LaunchScreen.storyboard */,
				D83173FF1CCCB1FA0014A844 /* LocalAuthentication.framework */,
				D84EC9641CB3D212001E1813 /* AVFoundation.framework */,
				D8D7F9481CA924870035F794 /* CoreLocation.framework */,
			);
			name = "Supporting Files";
			sourceTree = "<group>";
		};
		D8FE8C841C9AB9DE000A7530 /* Voice JournalTests */ = {
			isa = PBXGroup;
			children = (
				D8FE8C851C9AB9DE000A7530 /* Voice_JournalTests.m */,
				D8FE8C871C9AB9DE000A7530 /* Info.plist */,
			);
			path = "Voice JournalTests";
			sourceTree = "<group>";
		};
		D8FE8C8F1C9AB9DE000A7530 /* Voice JournalUITests */ = {
			isa = PBXGroup;
			children = (
				D8FE8C901C9AB9DE000A7530 /* Voice_JournalUITests.m */,
				D8FE8C921C9AB9DE000A7530 /* Info.plist */,
			);
			path = "Voice JournalUITests";
			sourceTree = "<group>";
		};
/* End PBXGroup section */

/* Begin PBXNativeTarget section */
		D8FE8C641C9AB9DE000A7530 /* Voice Journal */ = {
			isa = PBXNativeTarget;
			buildConfigurationList = D8FE8C951C9AB9DE000A7530 /* Build configuration list for PBXNativeTarget "Voice Journal" */;
			buildPhases = (
				098FBD20F0E596C731438B2D /* [CP] Check Pods Manifest.lock */,
				D8FE8C611C9AB9DE000A7530 /* Sources */,
				D8FE8C621C9AB9DE000A7530 /* Frameworks */,
				D8FE8C631C9AB9DE000A7530 /* Resources */,
				A39273C080E2989AC727478C /* [CP] Embed Pods Frameworks */,
				77D93217CB3F7A88CB2F68E1 /* [CP] Copy Pods Resources */,
			);
			buildRules = (
			);
			dependencies = (
			);
			name = "Voice Journal";
			productName = "Voice Journal";
			productReference = D8FE8C651C9AB9DE000A7530 /* Voice Journal.app */;
			productType = "com.apple.product-type.application";
		};
		D8FE8C801C9AB9DE000A7530 /* Voice JournalTests */ = {
			isa = PBXNativeTarget;
			buildConfigurationList = D8FE8C981C9AB9DE000A7530 /* Build configuration list for PBXNativeTarget "Voice JournalTests" */;
			buildPhases = (
				D8FE8C7D1C9AB9DE000A7530 /* Sources */,
				D8FE8C7E1C9AB9DE000A7530 /* Frameworks */,
				D8FE8C7F1C9AB9DE000A7530 /* Resources */,
			);
			buildRules = (
			);
			dependencies = (
				D8FE8C831C9AB9DE000A7530 /* PBXTargetDependency */,
			);
			name = "Voice JournalTests";
			productName = "Voice JournalTests";
			productReference = D8FE8C811C9AB9DE000A7530 /* Voice JournalTests.xctest */;
			productType = "com.apple.product-type.bundle.unit-test";
		};
		D8FE8C8B1C9AB9DE000A7530 /* Voice JournalUITests */ = {
			isa = PBXNativeTarget;
			buildConfigurationList = D8FE8C9B1C9AB9DE000A7530 /* Build configuration list for PBXNativeTarget "Voice JournalUITests" */;
			buildPhases = (
				D8FE8C881C9AB9DE000A7530 /* Sources */,
				D8FE8C891C9AB9DE000A7530 /* Frameworks */,
				D8FE8C8A1C9AB9DE000A7530 /* Resources */,
			);
			buildRules = (
			);
			dependencies = (
				D8FE8C8E1C9AB9DE000A7530 /* PBXTargetDependency */,
			);
			name = "Voice JournalUITests";
			productName = "Voice JournalUITests";
			productReference = D8FE8C8C1C9AB9DE000A7530 /* Voice JournalUITests.xctest */;
			productType = "com.apple.product-type.bundle.ui-testing";
		};
/* End PBXNativeTarget section */

/* Begin PBXProject section */
		D8FE8C5D1C9AB9DE000A7530 /* Project object */ = {
			isa = PBXProject;
			attributes = {
				LastUpgradeCheck = 0720;
				ORGANIZATIONNAME = Joe;
				TargetAttributes = {
					D8FE8C641C9AB9DE000A7530 = {
						CreatedOnToolsVersion = 7.2.1;
						DevelopmentTeam = 25C25A5JL7;
					};
					D8FE8C801C9AB9DE000A7530 = {
						CreatedOnToolsVersion = 7.2.1;
						DevelopmentTeam = 25C25A5JL7;
						TestTargetID = D8FE8C641C9AB9DE000A7530;
					};
					D8FE8C8B1C9AB9DE000A7530 = {
						CreatedOnToolsVersion = 7.2.1;
						DevelopmentTeam = 25C25A5JL7;
						TestTargetID = D8FE8C641C9AB9DE000A7530;
					};
				};
			};
			buildConfigurationList = D8FE8C601C9AB9DE000A7530 /* Build configuration list for PBXProject "Voice Journal" */;
			compatibilityVersion = "Xcode 3.2";
			developmentRegion = English;
			hasScannedForEncodings = 0;
			knownRegions = (
				en,
				Base,
			);
			mainGroup = D8FE8C5C1C9AB9DE000A7530;
			productRefGroup = D8FE8C661C9AB9DE000A7530 /* Products */;
			projectDirPath = "";
			projectRoot = "";
			targets = (
				D8FE8C641C9AB9DE000A7530 /* Voice Journal */,
				D8FE8C801C9AB9DE000A7530 /* Voice JournalTests */,
				D8FE8C8B1C9AB9DE000A7530 /* Voice JournalUITests */,
			);
		};
/* End PBXProject section */

/* Begin PBXResourcesBuildPhase section */
		D8FE8C631C9AB9DE000A7530 /* Resources */ = {
			isa = PBXResourcesBuildPhase;
			buildActionMask = 2147483647;
			files = (
				D8A6AB601CC876DF00F5516B /* TextView.xib in Resources */,
				D8FE8C7B1C9AB9DE000A7530 /* LaunchScreen.storyboard in Resources */,
				D83173E41CCBC7BE0014A844 /* Star.xib in Resources */,
				877FC4831D81943800941371 /* Assets.xcassets in Resources */,
				D8FE8C731C9AB9DE000A7530 /* Main.storyboard in Resources */,
			);
			runOnlyForDeploymentPostprocessing = 0;
		};
		D8FE8C7F1C9AB9DE000A7530 /* Resources */ = {
			isa = PBXResourcesBuildPhase;
			buildActionMask = 2147483647;
			files = (
			);
			runOnlyForDeploymentPostprocessing = 0;
		};
		D8FE8C8A1C9AB9DE000A7530 /* Resources */ = {
			isa = PBXResourcesBuildPhase;
			buildActionMask = 2147483647;
			files = (
			);
			runOnlyForDeploymentPostprocessing = 0;
		};
/* End PBXResourcesBuildPhase section */

/* Begin PBXShellScriptBuildPhase section */
		098FBD20F0E596C731438B2D /* [CP] Check Pods Manifest.lock */ = {
			isa = PBXShellScriptBuildPhase;
			buildActionMask = 2147483647;
			files = (
			);
			inputPaths = (
			);
			name = "[CP] Check Pods Manifest.lock";
			outputPaths = (
			);
			runOnlyForDeploymentPostprocessing = 0;
			shellPath = /bin/sh;
			shellScript = "diff \"${PODS_ROOT}/../Podfile.lock\" \"${PODS_ROOT}/Manifest.lock\" > /dev/null\nif [[ $? != 0 ]] ; then\n    cat << EOM\nerror: The sandbox is not in sync with the Podfile.lock. Run 'pod install' or update your CocoaPods installation.\nEOM\n    exit 1\nfi\n";
			showEnvVarsInLog = 0;
		};
		77D93217CB3F7A88CB2F68E1 /* [CP] Copy Pods Resources */ = {
			isa = PBXShellScriptBuildPhase;
			buildActionMask = 2147483647;
			files = (
			);
			inputPaths = (
			);
			name = "[CP] Copy Pods Resources";
			outputPaths = (
			);
			runOnlyForDeploymentPostprocessing = 0;
			shellPath = /bin/sh;
			shellScript = "\"${SRCROOT}/Pods/Target Support Files/Pods-Voice Journal/Pods-Voice Journal-resources.sh\"\n";
			showEnvVarsInLog = 0;
		};
		A39273C080E2989AC727478C /* [CP] Embed Pods Frameworks */ = {
			isa = PBXShellScriptBuildPhase;
			buildActionMask = 2147483647;
			files = (
			);
			inputPaths = (
			);
			name = "[CP] Embed Pods Frameworks";
			outputPaths = (
			);
			runOnlyForDeploymentPostprocessing = 0;
			shellPath = /bin/sh;
			shellScript = "\"${SRCROOT}/Pods/Target Support Files/Pods-Voice Journal/Pods-Voice Journal-frameworks.sh\"\n";
			showEnvVarsInLog = 0;
		};
/* End PBXShellScriptBuildPhase section */

/* Begin PBXSourcesBuildPhase section */
		D8FE8C611C9AB9DE000A7530 /* Sources */ = {
			isa = PBXSourcesBuildPhase;
			buildActionMask = 2147483647;
			files = (
				D83DEF6B1CB3D6B400661A48 /* Record.m in Sources */,
				D83F08C11D8070CF0000E0E7 /* ImgUtil.m in Sources */,
				D88C656F1CD234FD00F159F0 /* TagsViewController.m in Sources */,
				D83173FC1CCCA2E00014A844 /* OldPasscodeViewController.m in Sources */,
				D8F11D1A1CC3AEFA00B95B16 /* TimeLineViewController.m in Sources */,
				D8FE8C701C9AB9DE000A7530 /* MainViewController.m in Sources */,
				D8FE8C6D1C9AB9DE000A7530 /* AppDelegate.m in Sources */,
				D83173F11CCC8C610014A844 /* PassCodeViewController.m in Sources */,
				D8002E491CD3326300A1819D /* SecondTagsViewController.m in Sources */,
				D83173F61CCC92880014A844 /* NewPassCodeViewController.m in Sources */,
				D8575AE31CD05F86002DE1C7 /* PhotosViewController.m in Sources */,
				D8D9EAE21CC3BBBB000A19A0 /* EditViewController.m in Sources */,
				D8DA6B5F1C9FC9B100ACEE70 /* Memory.m in Sources */,
				D84EC8C01CB37C57001E1813 /* RecordViewController.m in Sources */,
				D80D51D91CCBB336008E17BB /* StarViewController.m in Sources */,
				D8693A8A1CCA3F8100A9390B /* DiaryViewController.m in Sources */,
				D8FE8C6A1C9AB9DE000A7530 /* main.m in Sources */,
				D8A6AB681CC8CD4F00F5516B /* TextTableViewCell.m in Sources */,
				D85CA8841CBCF8DF00B5525F /* SettingViewController.m in Sources */,
				D83173F91CCC9D7A0014A844 /* ConfirmViewController.m in Sources */,
				D8575AE91CD06028002DE1C7 /* MyCollectionViewCell.m in Sources */,
			);
			runOnlyForDeploymentPostprocessing = 0;
		};
		D8FE8C7D1C9AB9DE000A7530 /* Sources */ = {
			isa = PBXSourcesBuildPhase;
			buildActionMask = 2147483647;
			files = (
				D8FE8C861C9AB9DE000A7530 /* Voice_JournalTests.m in Sources */,
			);
			runOnlyForDeploymentPostprocessing = 0;
		};
		D8FE8C881C9AB9DE000A7530 /* Sources */ = {
			isa = PBXSourcesBuildPhase;
			buildActionMask = 2147483647;
			files = (
				D8FE8C911C9AB9DE000A7530 /* Voice_JournalUITests.m in Sources */,
			);
			runOnlyForDeploymentPostprocessing = 0;
		};
/* End PBXSourcesBuildPhase section */

/* Begin PBXTargetDependency section */
		D8FE8C831C9AB9DE000A7530 /* PBXTargetDependency */ = {
			isa = PBXTargetDependency;
			target = D8FE8C641C9AB9DE000A7530 /* Voice Journal */;
			targetProxy = D8FE8C821C9AB9DE000A7530 /* PBXContainerItemProxy */;
		};
		D8FE8C8E1C9AB9DE000A7530 /* PBXTargetDependency */ = {
			isa = PBXTargetDependency;
			target = D8FE8C641C9AB9DE000A7530 /* Voice Journal */;
			targetProxy = D8FE8C8D1C9AB9DE000A7530 /* PBXContainerItemProxy */;
		};
/* End PBXTargetDependency section */

/* Begin PBXVariantGroup section */
		D8FE8C711C9AB9DE000A7530 /* Main.storyboard */ = {
			isa = PBXVariantGroup;
			children = (
				D8FE8C721C9AB9DE000A7530 /* Base */,
				D8EEE00F1CBB610A0083F48E /* zh-Hans */,
			);
			name = Main.storyboard;
			sourceTree = "<group>";
		};
		D8FE8C791C9AB9DE000A7530 /* LaunchScreen.storyboard */ = {
			isa = PBXVariantGroup;
			children = (
				D8FE8C7A1C9AB9DE000A7530 /* Base */,
				D8EEE0101CBB610A0083F48E /* zh-Hans */,
			);
			name = LaunchScreen.storyboard;
			sourceTree = "<group>";
		};
/* End PBXVariantGroup section */

/* Begin XCBuildConfiguration section */
		D8FE8C931C9AB9DE000A7530 /* Debug */ = {
			isa = XCBuildConfiguration;
			buildSettings = {
				ALWAYS_SEARCH_USER_PATHS = NO;
				CLANG_CXX_LANGUAGE_STANDARD = "gnu++0x";
				CLANG_CXX_LIBRARY = "libc++";
				CLANG_ENABLE_MODULES = YES;
				CLANG_ENABLE_OBJC_ARC = YES;
				CLANG_WARN_BOOL_CONVERSION = YES;
				CLANG_WARN_CONSTANT_CONVERSION = YES;
				CLANG_WARN_DIRECT_OBJC_ISA_USAGE = YES_ERROR;
				CLANG_WARN_EMPTY_BODY = YES;
				CLANG_WARN_ENUM_CONVERSION = YES;
				CLANG_WARN_INT_CONVERSION = YES;
				CLANG_WARN_OBJC_ROOT_CLASS = YES_ERROR;
				CLANG_WARN_UNREACHABLE_CODE = YES;
				CLANG_WARN__DUPLICATE_METHOD_MATCH = YES;
				"CODE_SIGN_IDENTITY[sdk=iphoneos*]" = "iPhone Developer";
				COPY_PHASE_STRIP = NO;
				DEBUG_INFORMATION_FORMAT = dwarf;
				ENABLE_STRICT_OBJC_MSGSEND = YES;
				ENABLE_TESTABILITY = YES;
				GCC_C_LANGUAGE_STANDARD = gnu99;
				GCC_DYNAMIC_NO_PIC = NO;
				GCC_NO_COMMON_BLOCKS = YES;
				GCC_OPTIMIZATION_LEVEL = 0;
				GCC_PREPROCESSOR_DEFINITIONS = (
					"DEBUG=1",
					"$(inherited)",
				);
				GCC_WARN_64_TO_32_BIT_CONVERSION = YES;
				GCC_WARN_ABOUT_RETURN_TYPE = YES_ERROR;
				GCC_WARN_UNDECLARED_SELECTOR = YES;
				GCC_WARN_UNINITIALIZED_AUTOS = YES_AGGRESSIVE;
				GCC_WARN_UNUSED_FUNCTION = YES;
				GCC_WARN_UNUSED_VARIABLE = YES;
				IPHONEOS_DEPLOYMENT_TARGET = 7.0;
				MTL_ENABLE_DEBUG_INFO = YES;
				ONLY_ACTIVE_ARCH = YES;
				SDKROOT = iphoneos;
			};
			name = Debug;
		};
		D8FE8C941C9AB9DE000A7530 /* Release */ = {
			isa = XCBuildConfiguration;
			buildSettings = {
				ALWAYS_SEARCH_USER_PATHS = NO;
				CLANG_CXX_LANGUAGE_STANDARD = "gnu++0x";
				CLANG_CXX_LIBRARY = "libc++";
				CLANG_ENABLE_MODULES = YES;
				CLANG_ENABLE_OBJC_ARC = YES;
				CLANG_WARN_BOOL_CONVERSION = YES;
				CLANG_WARN_CONSTANT_CONVERSION = YES;
				CLANG_WARN_DIRECT_OBJC_ISA_USAGE = YES_ERROR;
				CLANG_WARN_EMPTY_BODY = YES;
				CLANG_WARN_ENUM_CONVERSION = YES;
				CLANG_WARN_INT_CONVERSION = YES;
				CLANG_WARN_OBJC_ROOT_CLASS = YES_ERROR;
				CLANG_WARN_UNREACHABLE_CODE = YES;
				CLANG_WARN__DUPLICATE_METHOD_MATCH = YES;
				"CODE_SIGN_IDENTITY[sdk=iphoneos*]" = "iPhone Developer";
				COPY_PHASE_STRIP = NO;
				DEBUG_INFORMATION_FORMAT = "dwarf-with-dsym";
				ENABLE_NS_ASSERTIONS = NO;
				ENABLE_STRICT_OBJC_MSGSEND = YES;
				GCC_C_LANGUAGE_STANDARD = gnu99;
				GCC_NO_COMMON_BLOCKS = YES;
				GCC_WARN_64_TO_32_BIT_CONVERSION = YES;
				GCC_WARN_ABOUT_RETURN_TYPE = YES_ERROR;
				GCC_WARN_UNDECLARED_SELECTOR = YES;
				GCC_WARN_UNINITIALIZED_AUTOS = YES_AGGRESSIVE;
				GCC_WARN_UNUSED_FUNCTION = YES;
				GCC_WARN_UNUSED_VARIABLE = YES;
				IPHONEOS_DEPLOYMENT_TARGET = 7.0;
				MTL_ENABLE_DEBUG_INFO = NO;
				SDKROOT = iphoneos;
				VALIDATE_PRODUCT = YES;
			};
			name = Release;
		};
		D8FE8C961C9AB9DE000A7530 /* Debug */ = {
			isa = XCBuildConfiguration;
			baseConfigurationReference = DE9DD72808FA81878332EB9F /* Pods-Voice Journal.debug.xcconfig */;
			buildSettings = {
				ASSETCATALOG_COMPILER_APPICON_NAME = AppIcon;
				ASSETCATALOG_COMPILER_LAUNCHIMAGE_NAME = "Brand Assets";
				CODE_SIGN_IDENTITY = "iPhone Developer";
				DEVELOPMENT_TEAM = 25C25A5JL7;
				INFOPLIST_FILE = "Voice Journal/Info.plist";
				IPHONEOS_DEPLOYMENT_TARGET = 7.0;
				LD_RUNPATH_SEARCH_PATHS = "$(inherited) @executable_path/Frameworks";
				PRODUCT_BUNDLE_IDENTIFIER = CS.VoiceJournal;
				PRODUCT_NAME = "$(TARGET_NAME)";
				TARGETED_DEVICE_FAMILY = 1;
			};
			name = Debug;
		};
		D8FE8C971C9AB9DE000A7530 /* Release */ = {
			isa = XCBuildConfiguration;
			baseConfigurationReference = 41175B92B728E596ACDA02B2 /* Pods-Voice Journal.release.xcconfig */;
			buildSettings = {
				ASSETCATALOG_COMPILER_APPICON_NAME = AppIcon;
				ASSETCATALOG_COMPILER_LAUNCHIMAGE_NAME = "Brand Assets";
				CODE_SIGN_IDENTITY = "iPhone Developer";
				DEVELOPMENT_TEAM = 25C25A5JL7;
				INFOPLIST_FILE = "Voice Journal/Info.plist";
				IPHONEOS_DEPLOYMENT_TARGET = 7.0;
				LD_RUNPATH_SEARCH_PATHS = "$(inherited) @executable_path/Frameworks";
				PRODUCT_BUNDLE_IDENTIFIER = CS.VoiceJournal;
				PRODUCT_NAME = "$(TARGET_NAME)";
				TARGETED_DEVICE_FAMILY = 1;
			};
			name = Release;
		};
		D8FE8C991C9AB9DE000A7530 /* Debug */ = {
			isa = XCBuildConfiguration;
			buildSettings = {
				BUNDLE_LOADER = "$(TEST_HOST)";
				INFOPLIST_FILE = "Voice JournalTests/Info.plist";
				LD_RUNPATH_SEARCH_PATHS = "$(inherited) @executable_path/Frameworks @loader_path/Frameworks";
				PRODUCT_BUNDLE_IDENTIFIER = "CS.Voice-JournalTests";
				PRODUCT_NAME = "$(TARGET_NAME)";
				TEST_HOST = "$(BUILT_PRODUCTS_DIR)/Voice Journal.app/Voice Journal";
			};
			name = Debug;
		};
		D8FE8C9A1C9AB9DE000A7530 /* Release */ = {
			isa = XCBuildConfiguration;
			buildSettings = {
				BUNDLE_LOADER = "$(TEST_HOST)";
				INFOPLIST_FILE = "Voice JournalTests/Info.plist";
				LD_RUNPATH_SEARCH_PATHS = "$(inherited) @executable_path/Frameworks @loader_path/Frameworks";
				PRODUCT_BUNDLE_IDENTIFIER = "CS.Voice-JournalTests";
				PRODUCT_NAME = "$(TARGET_NAME)";
				TEST_HOST = "$(BUILT_PRODUCTS_DIR)/Voice Journal.app/Voice Journal";
			};
			name = Release;
		};
		D8FE8C9C1C9AB9DE000A7530 /* Debug */ = {
			isa = XCBuildConfiguration;
			buildSettings = {
				INFOPLIST_FILE = "Voice JournalUITests/Info.plist";
				LD_RUNPATH_SEARCH_PATHS = "$(inherited) @executable_path/Frameworks @loader_path/Frameworks";
				PRODUCT_BUNDLE_IDENTIFIER = "CS.Voice-JournalUITests";
				PRODUCT_NAME = "$(TARGET_NAME)";
				TEST_TARGET_NAME = "Voice Journal";
				USES_XCTRUNNER = YES;
			};
			name = Debug;
		};
		D8FE8C9D1C9AB9DE000A7530 /* Release */ = {
			isa = XCBuildConfiguration;
			buildSettings = {
				INFOPLIST_FILE = "Voice JournalUITests/Info.plist";
				LD_RUNPATH_SEARCH_PATHS = "$(inherited) @executable_path/Frameworks @loader_path/Frameworks";
				PRODUCT_BUNDLE_IDENTIFIER = "CS.Voice-JournalUITests";
				PRODUCT_NAME = "$(TARGET_NAME)";
				TEST_TARGET_NAME = "Voice Journal";
				USES_XCTRUNNER = YES;
			};
			name = Release;
		};
/* End XCBuildConfiguration section */

/* Begin XCConfigurationList section */
		D8FE8C601C9AB9DE000A7530 /* Build configuration list for PBXProject "Voice Journal" */ = {
			isa = XCConfigurationList;
			buildConfigurations = (
				D8FE8C931C9AB9DE000A7530 /* Debug */,
				D8FE8C941C9AB9DE000A7530 /* Release */,
			);
			defaultConfigurationIsVisible = 0;
			defaultConfigurationName = Release;
		};
		D8FE8C951C9AB9DE000A7530 /* Build configuration list for PBXNativeTarget "Voice Journal" */ = {
			isa = XCConfigurationList;
			buildConfigurations = (
				D8FE8C961C9AB9DE000A7530 /* Debug */,
				D8FE8C971C9AB9DE000A7530 /* Release */,
			);
			defaultConfigurationIsVisible = 0;
			defaultConfigurationName = Release;
		};
		D8FE8C981C9AB9DE000A7530 /* Build configuration list for PBXNativeTarget "Voice JournalTests" */ = {
			isa = XCConfigurationList;
			buildConfigurations = (
				D8FE8C991C9AB9DE000A7530 /* Debug */,
				D8FE8C9A1C9AB9DE000A7530 /* Release */,
			);
			defaultConfigurationIsVisible = 0;
			defaultConfigurationName = Release;
		};
		D8FE8C9B1C9AB9DE000A7530 /* Build configuration list for PBXNativeTarget "Voice JournalUITests" */ = {
			isa = XCConfigurationList;
			buildConfigurations = (
				D8FE8C9C1C9AB9DE000A7530 /* Debug */,
				D8FE8C9D1C9AB9DE000A7530 /* Release */,
			);
			defaultConfigurationIsVisible = 0;
			defaultConfigurationName = Release;
		};
/* End XCConfigurationList section */
	};
	rootObject = D8FE8C5D1C9AB9DE000A7530 /* Project object */;
}
